// !$*UTF8*$!
{
	archiveVersion = 1;
	classes = {
	};
	objectVersion = 56;
	objects = {

/* Begin PBXBuildFile section */
		606BC78929E25B5A00192666 /* KeyResultDetailView.swift in Sources */ = {isa = PBXBuildFile; fileRef = 606BC78829E25B5A00192666 /* KeyResultDetailView.swift */; };
		606D897E29E29E6E00FA4BFA /* ObjectiveDetailCard.swift in Sources */ = {isa = PBXBuildFile; fileRef = 606D897D29E29E6E00FA4BFA /* ObjectiveDetailCard.swift */; };
		606D898229E40BEE00FA4BFA /* WideAddButtonView.swift in Sources */ = {isa = PBXBuildFile; fileRef = 606D898129E40BEE00FA4BFA /* WideAddButtonView.swift */; };
		606D898429E4688300FA4BFA /* TaskDetailView.swift in Sources */ = {isa = PBXBuildFile; fileRef = 606D898329E4688300FA4BFA /* TaskDetailView.swift */; };
		606D898929E4AAC800FA4BFA /* AddObjectiveView.swift in Sources */ = {isa = PBXBuildFile; fileRef = 606D898829E4AAC800FA4BFA /* AddObjectiveView.swift */; };
		606D898B29E4BFE700FA4BFA /* TaskEditView.swift in Sources */ = {isa = PBXBuildFile; fileRef = 606D898A29E4BFE700FA4BFA /* TaskEditView.swift */; };
		606D898D29E4DEEB00FA4BFA /* Delete.swift in Sources */ = {isa = PBXBuildFile; fileRef = 606D898C29E4DEEB00FA4BFA /* Delete.swift */; };
		606D899029E53B9500FA4BFA /* KeyResultEditView.swift in Sources */ = {isa = PBXBuildFile; fileRef = 606D898F29E53B9500FA4BFA /* KeyResultEditView.swift */; };
		60739F6F29EB547100F82C8A /* RoundedCorner.swift in Sources */ = {isa = PBXBuildFile; fileRef = 60739F6E29EB547100F82C8A /* RoundedCorner.swift */; };
		60739F7729ECF14A00F82C8A /* CustomAlert.swift in Sources */ = {isa = PBXBuildFile; fileRef = 60739F7629ECF14A00F82C8A /* CustomAlert.swift */; };
		607E1AC229EAC57C005D36D1 /* UseTipsView.swift in Sources */ = {isa = PBXBuildFile; fileRef = 607E1AC129EAC57C005D36D1 /* UseTipsView.swift */; };
		60C88D9029E041D300EB1BA6 /* ObjectOneShotApp.swift in Sources */ = {isa = PBXBuildFile; fileRef = 60C88D8F29E041D300EB1BA6 /* ObjectOneShotApp.swift */; };
		60C88D9429E041D500EB1BA6 /* Assets.xcassets in Resources */ = {isa = PBXBuildFile; fileRef = 60C88D9329E041D500EB1BA6 /* Assets.xcassets */; };
		60C88D9729E041D500EB1BA6 /* Preview Assets.xcassets in Resources */ = {isa = PBXBuildFile; fileRef = 60C88D9629E041D500EB1BA6 /* Preview Assets.xcassets */; };
		60C88DA829E0605D00EB1BA6 /* Objective.swift in Sources */ = {isa = PBXBuildFile; fileRef = 60C88DA729E0605D00EB1BA6 /* Objective.swift */; };
		60C88DAA29E0607700EB1BA6 /* KeyResult.swift in Sources */ = {isa = PBXBuildFile; fileRef = 60C88DA929E0607700EB1BA6 /* KeyResult.swift */; };
		60C88DAC29E060B400EB1BA6 /* Task.swift in Sources */ = {isa = PBXBuildFile; fileRef = 60C88DAB29E060B400EB1BA6 /* Task.swift */; };
		60C88DAE29E0699400EB1BA6 /* MainView.swift in Sources */ = {isa = PBXBuildFile; fileRef = 60C88DAD29E0699400EB1BA6 /* MainView.swift */; };
		60C88DB129E06A5200EB1BA6 /* ObjectiveCardView.swift in Sources */ = {isa = PBXBuildFile; fileRef = 60C88DB029E06A5200EB1BA6 /* ObjectiveCardView.swift */; };
		60C88DBB29E0B3DB00EB1BA6 /* KeyResultsHeaderView.swift in Sources */ = {isa = PBXBuildFile; fileRef = 60C88DBA29E0B3DB00EB1BA6 /* KeyResultsHeaderView.swift */; };
		60C88DBF29E0C42800EB1BA6 /* OKRViewModel.swift in Sources */ = {isa = PBXBuildFile; fileRef = 60C88DBE29E0C42700EB1BA6 /* OKRViewModel.swift */; };
		60C88DC129E0C7AC00EB1BA6 /* Coordinator.swift in Sources */ = {isa = PBXBuildFile; fileRef = 60C88DC029E0C7AC00EB1BA6 /* Coordinator.swift */; };
		60C88DC329E0EC8200EB1BA6 /* ObjectiveDetailView.swift in Sources */ = {isa = PBXBuildFile; fileRef = 60C88DC229E0EC8200EB1BA6 /* ObjectiveDetailView.swift */; };
		60C88DC629E0FAC200EB1BA6 /* View+Extensions.swift in Sources */ = {isa = PBXBuildFile; fileRef = 60C88DC529E0FAC200EB1BA6 /* View+Extensions.swift */; };
		60D0CF1C29E86BB100EFE0A6 /* FontManager.swift in Sources */ = {isa = PBXBuildFile; fileRef = 60D0CF1B29E86BB100EFE0A6 /* FontManager.swift */; };
		60D0CF2029E8D8EA00EFE0A6 /* CustomProgressBar.swift in Sources */ = {isa = PBXBuildFile; fileRef = 60D0CF1F29E8D8EA00EFE0A6 /* CustomProgressBar.swift */; };
		60F0C13729E8EA1B00C37E4E /* Pretendard-Light.ttf in Resources */ = {isa = PBXBuildFile; fileRef = 60F0C12E29E8EA1A00C37E4E /* Pretendard-Light.ttf */; };
		60F0C13829E8EA1B00C37E4E /* Pretendard-Regular.ttf in Resources */ = {isa = PBXBuildFile; fileRef = 60F0C12F29E8EA1A00C37E4E /* Pretendard-Regular.ttf */; };
		60F0C13929E8EA1B00C37E4E /* Pretendard-SemiBold.ttf in Resources */ = {isa = PBXBuildFile; fileRef = 60F0C13029E8EA1A00C37E4E /* Pretendard-SemiBold.ttf */; };
		60F0C13A29E8EA1B00C37E4E /* Pretendard-Black.ttf in Resources */ = {isa = PBXBuildFile; fileRef = 60F0C13129E8EA1A00C37E4E /* Pretendard-Black.ttf */; };
		60F0C13B29E8EA1B00C37E4E /* Pretendard-Thin.ttf in Resources */ = {isa = PBXBuildFile; fileRef = 60F0C13229E8EA1A00C37E4E /* Pretendard-Thin.ttf */; };
		60F0C13C29E8EA1B00C37E4E /* Pretendard-Bold.ttf in Resources */ = {isa = PBXBuildFile; fileRef = 60F0C13329E8EA1B00C37E4E /* Pretendard-Bold.ttf */; };
		60F0C13D29E8EA1B00C37E4E /* Pretendard-ExtraBold.ttf in Resources */ = {isa = PBXBuildFile; fileRef = 60F0C13429E8EA1B00C37E4E /* Pretendard-ExtraBold.ttf */; };
		60F0C13E29E8EA1B00C37E4E /* Pretendard-Medium.ttf in Resources */ = {isa = PBXBuildFile; fileRef = 60F0C13529E8EA1B00C37E4E /* Pretendard-Medium.ttf */; };
		60F0C13F29E8EA1B00C37E4E /* Pretendard-ExtraLight.ttf in Resources */ = {isa = PBXBuildFile; fileRef = 60F0C13629E8EA1B00C37E4E /* Pretendard-ExtraLight.ttf */; };
		60F0C14129EAB6A900C37E4E /* Launch Screen.storyboard in Resources */ = {isa = PBXBuildFile; fileRef = 60F0C14029EAB6A900C37E4E /* Launch Screen.storyboard */; };
		60F0C14429EAB82F00C37E4E /* OnboardingView.swift in Sources */ = {isa = PBXBuildFile; fileRef = 60F0C14329EAB82F00C37E4E /* OnboardingView.swift */; };
/* End PBXBuildFile section */

/* Begin PBXFileReference section */
		606BC78829E25B5A00192666 /* KeyResultDetailView.swift */ = {isa = PBXFileReference; lastKnownFileType = sourcecode.swift; path = KeyResultDetailView.swift; sourceTree = "<group>"; };
		606D897D29E29E6E00FA4BFA /* ObjectiveDetailCard.swift */ = {isa = PBXFileReference; lastKnownFileType = sourcecode.swift; path = ObjectiveDetailCard.swift; sourceTree = "<group>"; };
		606D898129E40BEE00FA4BFA /* WideAddButtonView.swift */ = {isa = PBXFileReference; fileEncoding = 4; lastKnownFileType = sourcecode.swift; path = WideAddButtonView.swift; sourceTree = "<group>"; };
		606D898329E4688300FA4BFA /* TaskDetailView.swift */ = {isa = PBXFileReference; lastKnownFileType = sourcecode.swift; path = TaskDetailView.swift; sourceTree = "<group>"; };
		606D898829E4AAC800FA4BFA /* AddObjectiveView.swift */ = {isa = PBXFileReference; lastKnownFileType = sourcecode.swift; path = AddObjectiveView.swift; sourceTree = "<group>"; };
		606D898A29E4BFE700FA4BFA /* TaskEditView.swift */ = {isa = PBXFileReference; lastKnownFileType = sourcecode.swift; path = TaskEditView.swift; sourceTree = "<group>"; };
		606D898C29E4DEEB00FA4BFA /* Delete.swift */ = {isa = PBXFileReference; lastKnownFileType = sourcecode.swift; path = Delete.swift; sourceTree = "<group>"; };
		606D898F29E53B9500FA4BFA /* KeyResultEditView.swift */ = {isa = PBXFileReference; fileEncoding = 4; lastKnownFileType = sourcecode.swift; path = KeyResultEditView.swift; sourceTree = "<group>"; };
		60739F6E29EB547100F82C8A /* RoundedCorner.swift */ = {isa = PBXFileReference; lastKnownFileType = sourcecode.swift; path = RoundedCorner.swift; sourceTree = "<group>"; };
		60739F7629ECF14A00F82C8A /* CustomAlert.swift */ = {isa = PBXFileReference; lastKnownFileType = sourcecode.swift; path = CustomAlert.swift; sourceTree = "<group>"; };
		607E1AC129EAC57C005D36D1 /* UseTipsView.swift */ = {isa = PBXFileReference; lastKnownFileType = sourcecode.swift; path = UseTipsView.swift; sourceTree = "<group>"; };
		60C88D8C29E041D300EB1BA6 /* ObjectOneShot.app */ = {isa = PBXFileReference; explicitFileType = wrapper.application; includeInIndex = 0; path = ObjectOneShot.app; sourceTree = BUILT_PRODUCTS_DIR; };
		60C88D8F29E041D300EB1BA6 /* ObjectOneShotApp.swift */ = {isa = PBXFileReference; lastKnownFileType = sourcecode.swift; path = ObjectOneShotApp.swift; sourceTree = "<group>"; };
		60C88D9329E041D500EB1BA6 /* Assets.xcassets */ = {isa = PBXFileReference; lastKnownFileType = folder.assetcatalog; path = Assets.xcassets; sourceTree = "<group>"; };
		60C88D9629E041D500EB1BA6 /* Preview Assets.xcassets */ = {isa = PBXFileReference; lastKnownFileType = folder.assetcatalog; path = "Preview Assets.xcassets"; sourceTree = "<group>"; };
		60C88DA729E0605D00EB1BA6 /* Objective.swift */ = {isa = PBXFileReference; lastKnownFileType = sourcecode.swift; path = Objective.swift; sourceTree = "<group>"; };
		60C88DA929E0607700EB1BA6 /* KeyResult.swift */ = {isa = PBXFileReference; lastKnownFileType = sourcecode.swift; path = KeyResult.swift; sourceTree = "<group>"; };
		60C88DAB29E060B400EB1BA6 /* Task.swift */ = {isa = PBXFileReference; lastKnownFileType = sourcecode.swift; path = Task.swift; sourceTree = "<group>"; };
		60C88DAD29E0699400EB1BA6 /* MainView.swift */ = {isa = PBXFileReference; lastKnownFileType = sourcecode.swift; path = MainView.swift; sourceTree = "<group>"; };
		60C88DB029E06A5200EB1BA6 /* ObjectiveCardView.swift */ = {isa = PBXFileReference; lastKnownFileType = sourcecode.swift; path = ObjectiveCardView.swift; sourceTree = "<group>"; };
		60C88DBA29E0B3DB00EB1BA6 /* KeyResultsHeaderView.swift */ = {isa = PBXFileReference; lastKnownFileType = sourcecode.swift; path = KeyResultsHeaderView.swift; sourceTree = "<group>"; };
		60C88DBE29E0C42700EB1BA6 /* OKRViewModel.swift */ = {isa = PBXFileReference; lastKnownFileType = sourcecode.swift; path = OKRViewModel.swift; sourceTree = "<group>"; };
		60C88DC029E0C7AC00EB1BA6 /* Coordinator.swift */ = {isa = PBXFileReference; lastKnownFileType = sourcecode.swift; path = Coordinator.swift; sourceTree = "<group>"; };
		60C88DC229E0EC8200EB1BA6 /* ObjectiveDetailView.swift */ = {isa = PBXFileReference; lastKnownFileType = sourcecode.swift; path = ObjectiveDetailView.swift; sourceTree = "<group>"; };
		60C88DC529E0FAC200EB1BA6 /* View+Extensions.swift */ = {isa = PBXFileReference; lastKnownFileType = sourcecode.swift; path = "View+Extensions.swift"; sourceTree = "<group>"; };
		60D0CF1B29E86BB100EFE0A6 /* FontManager.swift */ = {isa = PBXFileReference; lastKnownFileType = sourcecode.swift; path = FontManager.swift; sourceTree = "<group>"; };
		60D0CF1F29E8D8EA00EFE0A6 /* CustomProgressBar.swift */ = {isa = PBXFileReference; lastKnownFileType = sourcecode.swift; path = CustomProgressBar.swift; sourceTree = "<group>"; };
		60EB189A29E7DF85000D4F31 /* Info.plist */ = {isa = PBXFileReference; lastKnownFileType = text.plist; path = Info.plist; sourceTree = "<group>"; };
		60F0C12E29E8EA1A00C37E4E /* Pretendard-Light.ttf */ = {isa = PBXFileReference; lastKnownFileType = file; path = "Pretendard-Light.ttf"; sourceTree = "<group>"; };
		60F0C12F29E8EA1A00C37E4E /* Pretendard-Regular.ttf */ = {isa = PBXFileReference; lastKnownFileType = file; path = "Pretendard-Regular.ttf"; sourceTree = "<group>"; };
		60F0C13029E8EA1A00C37E4E /* Pretendard-SemiBold.ttf */ = {isa = PBXFileReference; lastKnownFileType = file; path = "Pretendard-SemiBold.ttf"; sourceTree = "<group>"; };
		60F0C13129E8EA1A00C37E4E /* Pretendard-Black.ttf */ = {isa = PBXFileReference; lastKnownFileType = file; path = "Pretendard-Black.ttf"; sourceTree = "<group>"; };
		60F0C13229E8EA1A00C37E4E /* Pretendard-Thin.ttf */ = {isa = PBXFileReference; lastKnownFileType = file; path = "Pretendard-Thin.ttf"; sourceTree = "<group>"; };
		60F0C13329E8EA1B00C37E4E /* Pretendard-Bold.ttf */ = {isa = PBXFileReference; lastKnownFileType = file; path = "Pretendard-Bold.ttf"; sourceTree = "<group>"; };
		60F0C13429E8EA1B00C37E4E /* Pretendard-ExtraBold.ttf */ = {isa = PBXFileReference; lastKnownFileType = file; path = "Pretendard-ExtraBold.ttf"; sourceTree = "<group>"; };
		60F0C13529E8EA1B00C37E4E /* Pretendard-Medium.ttf */ = {isa = PBXFileReference; lastKnownFileType = file; path = "Pretendard-Medium.ttf"; sourceTree = "<group>"; };
		60F0C13629E8EA1B00C37E4E /* Pretendard-ExtraLight.ttf */ = {isa = PBXFileReference; lastKnownFileType = file; path = "Pretendard-ExtraLight.ttf"; sourceTree = "<group>"; };
		60F0C14029EAB6A900C37E4E /* Launch Screen.storyboard */ = {isa = PBXFileReference; lastKnownFileType = file.storyboard; path = "Launch Screen.storyboard"; sourceTree = "<group>"; };
		60F0C14329EAB82F00C37E4E /* OnboardingView.swift */ = {isa = PBXFileReference; lastKnownFileType = sourcecode.swift; path = OnboardingView.swift; sourceTree = "<group>"; };
/* End PBXFileReference section */

/* Begin PBXFrameworksBuildPhase section */
		60C88D8929E041D300EB1BA6 /* Frameworks */ = {
			isa = PBXFrameworksBuildPhase;
			buildActionMask = 2147483647;
			files = (
			);
			runOnlyForDeploymentPostprocessing = 0;
		};
/* End PBXFrameworksBuildPhase section */

/* Begin PBXGroup section */
		606D898529E468FA00FA4BFA /* MainView */ = {
			isa = PBXGroup;
			children = (
				60C88DAD29E0699400EB1BA6 /* MainView.swift */,
				60C88DB029E06A5200EB1BA6 /* ObjectiveCardView.swift */,
			);
			path = MainView;
			sourceTree = "<group>";
		};
		606D898629E4690B00FA4BFA /* ObjectiveDetailView */ = {
			isa = PBXGroup;
			children = (
				60C88DC229E0EC8200EB1BA6 /* ObjectiveDetailView.swift */,
			);
			path = ObjectiveDetailView;
			sourceTree = "<group>";
		};
		606D898729E4694900FA4BFA /* AddObjectiveView */ = {
			isa = PBXGroup;
			children = (
				606D898829E4AAC800FA4BFA /* AddObjectiveView.swift */,
			);
			path = AddObjectiveView;
			sourceTree = "<group>";
		};
		606D898E29E4DEF200FA4BFA /* Modifiers */ = {
			isa = PBXGroup;
			children = (
				606D898C29E4DEEB00FA4BFA /* Delete.swift */,
			);
			path = Modifiers;
			sourceTree = "<group>";
		};
		60739F7529ECF13D00F82C8A /* CustomAlert */ = {
			isa = PBXGroup;
			children = (
				60739F7629ECF14A00F82C8A /* CustomAlert.swift */,
			);
			path = CustomAlert;
			sourceTree = "<group>";
		};
		607E1AC029EAC55F005D36D1 /* UseTipsView */ = {
			isa = PBXGroup;
			children = (
				607E1AC129EAC57C005D36D1 /* UseTipsView.swift */,
			);
			path = UseTipsView;
			sourceTree = "<group>";
		};
		60C88D8329E041D300EB1BA6 = {
			isa = PBXGroup;
			children = (
				60C88D8E29E041D300EB1BA6 /* ObjectOneShot */,
				60C88D8D29E041D300EB1BA6 /* Products */,
			);
			sourceTree = "<group>";
		};
		60C88D8D29E041D300EB1BA6 /* Products */ = {
			isa = PBXGroup;
			children = (
				60C88D8C29E041D300EB1BA6 /* ObjectOneShot.app */,
			);
			name = Products;
			sourceTree = "<group>";
		};
		60C88D8E29E041D300EB1BA6 /* ObjectOneShot */ = {
			isa = PBXGroup;
			children = (
				60EB189A29E7DF85000D4F31 /* Info.plist */,
				60EB187D29E7DEF6000D4F31 /* Resources */,
				60C88DA629E05F9100EB1BA6 /* Apps */,
				60C88DC429E0FAAD00EB1BA6 /* Extensions */,
				60C88DA329E05F6600EB1BA6 /* Models */,
				60C88DA529E05F7A00EB1BA6 /* Utilities */,
				60C88DA429E05F7200EB1BA6 /* ViewModels */,
				60C88DA229E05F5D00EB1BA6 /* Views */,
				60C88D9529E041D500EB1BA6 /* Preview Content */,
			);
			path = ObjectOneShot;
			sourceTree = "<group>";
		};
		60C88D9529E041D500EB1BA6 /* Preview Content */ = {
			isa = PBXGroup;
			children = (
				60C88D9629E041D500EB1BA6 /* Preview Assets.xcassets */,
			);
			path = "Preview Content";
			sourceTree = "<group>";
		};
		60C88DA229E05F5D00EB1BA6 /* Views */ = {
			isa = PBXGroup;
			children = (
				607E1AC029EAC55F005D36D1 /* UseTipsView */,
				60F0C14229EAB81D00C37E4E /* Onboarding */,
				606D898529E468FA00FA4BFA /* MainView */,
				606D898729E4694900FA4BFA /* AddObjectiveView */,
				606D898629E4690B00FA4BFA /* ObjectiveDetailView */,
				60C88DAF29E06A4300EB1BA6 /* Componenets */,
			);
			path = Views;
			sourceTree = "<group>";
		};
		60C88DA329E05F6600EB1BA6 /* Models */ = {
			isa = PBXGroup;
			children = (
				60C88DA729E0605D00EB1BA6 /* Objective.swift */,
				60C88DA929E0607700EB1BA6 /* KeyResult.swift */,
				60C88DAB29E060B400EB1BA6 /* Task.swift */,
			);
			path = Models;
			sourceTree = "<group>";
		};
		60C88DA429E05F7200EB1BA6 /* ViewModels */ = {
			isa = PBXGroup;
			children = (
				60C88DBE29E0C42700EB1BA6 /* OKRViewModel.swift */,
			);
			path = ViewModels;
			sourceTree = "<group>";
		};
		60C88DA529E05F7A00EB1BA6 /* Utilities */ = {
			isa = PBXGroup;
			children = (
				60C88DC029E0C7AC00EB1BA6 /* Coordinator.swift */,
				60739F6E29EB547100F82C8A /* RoundedCorner.swift */,
			);
			path = Utilities;
			sourceTree = "<group>";
		};
		60C88DA629E05F9100EB1BA6 /* Apps */ = {
			isa = PBXGroup;
			children = (
				60C88D8F29E041D300EB1BA6 /* ObjectOneShotApp.swift */,
				60F0C14029EAB6A900C37E4E /* Launch Screen.storyboard */,
			);
			path = Apps;
			sourceTree = "<group>";
		};
		60C88DAF29E06A4300EB1BA6 /* Componenets */ = {
			isa = PBXGroup;
			children = (
				60739F7529ECF13D00F82C8A /* CustomAlert */,
				606D897D29E29E6E00FA4BFA /* ObjectiveDetailCard.swift */,
				60C88DBA29E0B3DB00EB1BA6 /* KeyResultsHeaderView.swift */,
				606BC78829E25B5A00192666 /* KeyResultDetailView.swift */,
				606D898329E4688300FA4BFA /* TaskDetailView.swift */,
				606D898F29E53B9500FA4BFA /* KeyResultEditView.swift */,
				606D898A29E4BFE700FA4BFA /* TaskEditView.swift */,
				606D898129E40BEE00FA4BFA /* WideAddButtonView.swift */,
				60D0CF1F29E8D8EA00EFE0A6 /* CustomProgressBar.swift */,
			);
			path = Componenets;
			sourceTree = "<group>";
		};
		60C88DC429E0FAAD00EB1BA6 /* Extensions */ = {
			isa = PBXGroup;
			children = (
				60C88DC529E0FAC200EB1BA6 /* View+Extensions.swift */,
				606D898E29E4DEF200FA4BFA /* Modifiers */,
			);
			path = Extensions;
			sourceTree = "<group>";
		};
		60EB187D29E7DEF6000D4F31 /* Resources */ = {
			isa = PBXGroup;
			children = (
				60EB187E29E7DF06000D4F31 /* Fonts */,
				60C88D9329E041D500EB1BA6 /* Assets.xcassets */,
			);
			path = Resources;
			sourceTree = "<group>";
		};
		60EB187E29E7DF06000D4F31 /* Fonts */ = {
			isa = PBXGroup;
			children = (
				60D0CF1B29E86BB100EFE0A6 /* FontManager.swift */,
				60F0C12D29E8EA0400C37E4E /* Pretendard */,
			);
			path = Fonts;
			sourceTree = "<group>";
		};
		60F0C12D29E8EA0400C37E4E /* Pretendard */ = {
			isa = PBXGroup;
			children = (
				60F0C13129E8EA1A00C37E4E /* Pretendard-Black.ttf */,
				60F0C13329E8EA1B00C37E4E /* Pretendard-Bold.ttf */,
				60F0C13429E8EA1B00C37E4E /* Pretendard-ExtraBold.ttf */,
				60F0C13629E8EA1B00C37E4E /* Pretendard-ExtraLight.ttf */,
				60F0C12E29E8EA1A00C37E4E /* Pretendard-Light.ttf */,
				60F0C13529E8EA1B00C37E4E /* Pretendard-Medium.ttf */,
				60F0C12F29E8EA1A00C37E4E /* Pretendard-Regular.ttf */,
				60F0C13029E8EA1A00C37E4E /* Pretendard-SemiBold.ttf */,
				60F0C13229E8EA1A00C37E4E /* Pretendard-Thin.ttf */,
			);
			path = Pretendard;
			sourceTree = "<group>";
		};
		60F0C14229EAB81D00C37E4E /* Onboarding */ = {
			isa = PBXGroup;
			children = (
				60F0C14329EAB82F00C37E4E /* OnboardingView.swift */,
			);
			path = Onboarding;
			sourceTree = "<group>";
		};
/* End PBXGroup section */

/* Begin PBXNativeTarget section */
		60C88D8B29E041D300EB1BA6 /* ObjectOneShot */ = {
			isa = PBXNativeTarget;
			buildConfigurationList = 60C88D9F29E041D500EB1BA6 /* Build configuration list for PBXNativeTarget "ObjectOneShot" */;
			buildPhases = (
				60C88D8829E041D300EB1BA6 /* Sources */,
				60C88D8929E041D300EB1BA6 /* Frameworks */,
				60C88D8A29E041D300EB1BA6 /* Resources */,
			);
			buildRules = (
			);
			dependencies = (
			);
			name = ObjectOneShot;
			productName = ObjectOneShot;
			productReference = 60C88D8C29E041D300EB1BA6 /* ObjectOneShot.app */;
			productType = "com.apple.product-type.application";
		};
/* End PBXNativeTarget section */

/* Begin PBXProject section */
		60C88D8429E041D300EB1BA6 /* Project object */ = {
			isa = PBXProject;
			attributes = {
				BuildIndependentTargetsInParallel = 1;
				LastSwiftUpdateCheck = 1430;
				LastUpgradeCheck = 1430;
				TargetAttributes = {
					60C88D8B29E041D300EB1BA6 = {
						CreatedOnToolsVersion = 14.3;
					};
				};
			};
			buildConfigurationList = 60C88D8729E041D300EB1BA6 /* Build configuration list for PBXProject "ObjectOneShot" */;
			compatibilityVersion = "Xcode 14.0";
			developmentRegion = en;
			hasScannedForEncodings = 0;
			knownRegions = (
				en,
				Base,
			);
			mainGroup = 60C88D8329E041D300EB1BA6;
			productRefGroup = 60C88D8D29E041D300EB1BA6 /* Products */;
			projectDirPath = "";
			projectRoot = "";
			targets = (
				60C88D8B29E041D300EB1BA6 /* ObjectOneShot */,
			);
		};
/* End PBXProject section */

/* Begin PBXResourcesBuildPhase section */
		60C88D8A29E041D300EB1BA6 /* Resources */ = {
			isa = PBXResourcesBuildPhase;
			buildActionMask = 2147483647;
			files = (
				60F0C13D29E8EA1B00C37E4E /* Pretendard-ExtraBold.ttf in Resources */,
				60F0C13729E8EA1B00C37E4E /* Pretendard-Light.ttf in Resources */,
				60C88D9729E041D500EB1BA6 /* Preview Assets.xcassets in Resources */,
				60F0C13929E8EA1B00C37E4E /* Pretendard-SemiBold.ttf in Resources */,
				60F0C13829E8EA1B00C37E4E /* Pretendard-Regular.ttf in Resources */,
				60C88D9429E041D500EB1BA6 /* Assets.xcassets in Resources */,
				60F0C14129EAB6A900C37E4E /* Launch Screen.storyboard in Resources */,
				60F0C13E29E8EA1B00C37E4E /* Pretendard-Medium.ttf in Resources */,
				60F0C13A29E8EA1B00C37E4E /* Pretendard-Black.ttf in Resources */,
				60F0C13C29E8EA1B00C37E4E /* Pretendard-Bold.ttf in Resources */,
				60F0C13B29E8EA1B00C37E4E /* Pretendard-Thin.ttf in Resources */,
				60F0C13F29E8EA1B00C37E4E /* Pretendard-ExtraLight.ttf in Resources */,
			);
			runOnlyForDeploymentPostprocessing = 0;
		};
/* End PBXResourcesBuildPhase section */

/* Begin PBXSourcesBuildPhase section */
		60C88D8829E041D300EB1BA6 /* Sources */ = {
			isa = PBXSourcesBuildPhase;
			buildActionMask = 2147483647;
			files = (
				60739F6F29EB547100F82C8A /* RoundedCorner.swift in Sources */,
				60C88DBB29E0B3DB00EB1BA6 /* KeyResultsHeaderView.swift in Sources */,
				60C88DC329E0EC8200EB1BA6 /* ObjectiveDetailView.swift in Sources */,
				60C88DA829E0605D00EB1BA6 /* Objective.swift in Sources */,
				60C88DAE29E0699400EB1BA6 /* MainView.swift in Sources */,
				60C88DB129E06A5200EB1BA6 /* ObjectiveCardView.swift in Sources */,
				60D0CF2029E8D8EA00EFE0A6 /* CustomProgressBar.swift in Sources */,
				60C88DBF29E0C42800EB1BA6 /* OKRViewModel.swift in Sources */,
				606D898229E40BEE00FA4BFA /* WideAddButtonView.swift in Sources */,
				60739F7729ECF14A00F82C8A /* CustomAlert.swift in Sources */,
				606D898D29E4DEEB00FA4BFA /* Delete.swift in Sources */,
				606D899029E53B9500FA4BFA /* KeyResultEditView.swift in Sources */,
				606D898929E4AAC800FA4BFA /* AddObjectiveView.swift in Sources */,
				60D0CF1C29E86BB100EFE0A6 /* FontManager.swift in Sources */,
				60C88DAA29E0607700EB1BA6 /* KeyResult.swift in Sources */,
				60C88DC629E0FAC200EB1BA6 /* View+Extensions.swift in Sources */,
				60C88DC129E0C7AC00EB1BA6 /* Coordinator.swift in Sources */,
				606D898429E4688300FA4BFA /* TaskDetailView.swift in Sources */,
				606D898B29E4BFE700FA4BFA /* TaskEditView.swift in Sources */,
				60C88DAC29E060B400EB1BA6 /* Task.swift in Sources */,
				606D897E29E29E6E00FA4BFA /* ObjectiveDetailCard.swift in Sources */,
				606BC78929E25B5A00192666 /* KeyResultDetailView.swift in Sources */,
				607E1AC229EAC57C005D36D1 /* UseTipsView.swift in Sources */,
				60C88D9029E041D300EB1BA6 /* ObjectOneShotApp.swift in Sources */,
				60F0C14429EAB82F00C37E4E /* OnboardingView.swift in Sources */,
			);
			runOnlyForDeploymentPostprocessing = 0;
		};
/* End PBXSourcesBuildPhase section */

/* Begin XCBuildConfiguration section */
		60C88D9D29E041D500EB1BA6 /* Debug */ = {
			isa = XCBuildConfiguration;
			buildSettings = {
				ALWAYS_SEARCH_USER_PATHS = NO;
				CLANG_ANALYZER_NONNULL = YES;
				CLANG_ANALYZER_NUMBER_OBJECT_CONVERSION = YES_AGGRESSIVE;
				CLANG_CXX_LANGUAGE_STANDARD = "gnu++20";
				CLANG_ENABLE_MODULES = YES;
				CLANG_ENABLE_OBJC_ARC = YES;
				CLANG_ENABLE_OBJC_WEAK = YES;
				CLANG_WARN_BLOCK_CAPTURE_AUTORELEASING = YES;
				CLANG_WARN_BOOL_CONVERSION = YES;
				CLANG_WARN_COMMA = YES;
				CLANG_WARN_CONSTANT_CONVERSION = YES;
				CLANG_WARN_DEPRECATED_OBJC_IMPLEMENTATIONS = YES;
				CLANG_WARN_DIRECT_OBJC_ISA_USAGE = YES_ERROR;
				CLANG_WARN_DOCUMENTATION_COMMENTS = YES;
				CLANG_WARN_EMPTY_BODY = YES;
				CLANG_WARN_ENUM_CONVERSION = YES;
				CLANG_WARN_INFINITE_RECURSION = YES;
				CLANG_WARN_INT_CONVERSION = YES;
				CLANG_WARN_NON_LITERAL_NULL_CONVERSION = YES;
				CLANG_WARN_OBJC_IMPLICIT_RETAIN_SELF = YES;
				CLANG_WARN_OBJC_LITERAL_CONVERSION = YES;
				CLANG_WARN_OBJC_ROOT_CLASS = YES_ERROR;
				CLANG_WARN_QUOTED_INCLUDE_IN_FRAMEWORK_HEADER = YES;
				CLANG_WARN_RANGE_LOOP_ANALYSIS = YES;
				CLANG_WARN_STRICT_PROTOTYPES = YES;
				CLANG_WARN_SUSPICIOUS_MOVE = YES;
				CLANG_WARN_UNGUARDED_AVAILABILITY = YES_AGGRESSIVE;
				CLANG_WARN_UNREACHABLE_CODE = YES;
				CLANG_WARN__DUPLICATE_METHOD_MATCH = YES;
				COPY_PHASE_STRIP = NO;
				DEBUG_INFORMATION_FORMAT = dwarf;
				ENABLE_STRICT_OBJC_MSGSEND = YES;
				ENABLE_TESTABILITY = YES;
				GCC_C_LANGUAGE_STANDARD = gnu11;
				GCC_DYNAMIC_NO_PIC = NO;
				GCC_NO_COMMON_BLOCKS = YES;
				GCC_OPTIMIZATION_LEVEL = 0;
				GCC_PREPROCESSOR_DEFINITIONS = (
					"DEBUG=1",
					"$(inherited)",
				);
				GCC_WARN_64_TO_32_BIT_CONVERSION = YES;
				GCC_WARN_ABOUT_RETURN_TYPE = YES_ERROR;
				GCC_WARN_UNDECLARED_SELECTOR = YES;
				GCC_WARN_UNINITIALIZED_AUTOS = YES_AGGRESSIVE;
				GCC_WARN_UNUSED_FUNCTION = YES;
				GCC_WARN_UNUSED_VARIABLE = YES;
				IPHONEOS_DEPLOYMENT_TARGET = 16.4;
				MTL_ENABLE_DEBUG_INFO = INCLUDE_SOURCE;
				MTL_FAST_MATH = YES;
				ONLY_ACTIVE_ARCH = YES;
				SDKROOT = iphoneos;
				SWIFT_ACTIVE_COMPILATION_CONDITIONS = DEBUG;
				SWIFT_OPTIMIZATION_LEVEL = "-Onone";
			};
			name = Debug;
		};
		60C88D9E29E041D500EB1BA6 /* Release */ = {
			isa = XCBuildConfiguration;
			buildSettings = {
				ALWAYS_SEARCH_USER_PATHS = NO;
				CLANG_ANALYZER_NONNULL = YES;
				CLANG_ANALYZER_NUMBER_OBJECT_CONVERSION = YES_AGGRESSIVE;
				CLANG_CXX_LANGUAGE_STANDARD = "gnu++20";
				CLANG_ENABLE_MODULES = YES;
				CLANG_ENABLE_OBJC_ARC = YES;
				CLANG_ENABLE_OBJC_WEAK = YES;
				CLANG_WARN_BLOCK_CAPTURE_AUTORELEASING = YES;
				CLANG_WARN_BOOL_CONVERSION = YES;
				CLANG_WARN_COMMA = YES;
				CLANG_WARN_CONSTANT_CONVERSION = YES;
				CLANG_WARN_DEPRECATED_OBJC_IMPLEMENTATIONS = YES;
				CLANG_WARN_DIRECT_OBJC_ISA_USAGE = YES_ERROR;
				CLANG_WARN_DOCUMENTATION_COMMENTS = YES;
				CLANG_WARN_EMPTY_BODY = YES;
				CLANG_WARN_ENUM_CONVERSION = YES;
				CLANG_WARN_INFINITE_RECURSION = YES;
				CLANG_WARN_INT_CONVERSION = YES;
				CLANG_WARN_NON_LITERAL_NULL_CONVERSION = YES;
				CLANG_WARN_OBJC_IMPLICIT_RETAIN_SELF = YES;
				CLANG_WARN_OBJC_LITERAL_CONVERSION = YES;
				CLANG_WARN_OBJC_ROOT_CLASS = YES_ERROR;
				CLANG_WARN_QUOTED_INCLUDE_IN_FRAMEWORK_HEADER = YES;
				CLANG_WARN_RANGE_LOOP_ANALYSIS = YES;
				CLANG_WARN_STRICT_PROTOTYPES = YES;
				CLANG_WARN_SUSPICIOUS_MOVE = YES;
				CLANG_WARN_UNGUARDED_AVAILABILITY = YES_AGGRESSIVE;
				CLANG_WARN_UNREACHABLE_CODE = YES;
				CLANG_WARN__DUPLICATE_METHOD_MATCH = YES;
				COPY_PHASE_STRIP = NO;
				DEBUG_INFORMATION_FORMAT = "dwarf-with-dsym";
				ENABLE_NS_ASSERTIONS = NO;
				ENABLE_STRICT_OBJC_MSGSEND = YES;
				GCC_C_LANGUAGE_STANDARD = gnu11;
				GCC_NO_COMMON_BLOCKS = YES;
				GCC_WARN_64_TO_32_BIT_CONVERSION = YES;
				GCC_WARN_ABOUT_RETURN_TYPE = YES_ERROR;
				GCC_WARN_UNDECLARED_SELECTOR = YES;
				GCC_WARN_UNINITIALIZED_AUTOS = YES_AGGRESSIVE;
				GCC_WARN_UNUSED_FUNCTION = YES;
				GCC_WARN_UNUSED_VARIABLE = YES;
				IPHONEOS_DEPLOYMENT_TARGET = 16.4;
				MTL_ENABLE_DEBUG_INFO = NO;
				MTL_FAST_MATH = YES;
				SDKROOT = iphoneos;
				SWIFT_COMPILATION_MODE = wholemodule;
				SWIFT_OPTIMIZATION_LEVEL = "-O";
				VALIDATE_PRODUCT = YES;
			};
			name = Release;
		};
		60C88DA029E041D500EB1BA6 /* Debug */ = {
			isa = XCBuildConfiguration;
			buildSettings = {
				ASSETCATALOG_COMPILER_APPICON_NAME = AppIcon;
				ASSETCATALOG_COMPILER_GLOBAL_ACCENT_COLOR_NAME = AccentColor;
				CODE_SIGN_STYLE = Automatic;
				CURRENT_PROJECT_VERSION = 1;
				DEVELOPMENT_ASSET_PATHS = "\"ObjectOneShot/Preview Content\"";
				DEVELOPMENT_TEAM = MV89SHQKF4;
				ENABLE_PREVIEWS = YES;
				GENERATE_INFOPLIST_FILE = YES;
				INFOPLIST_FILE = ObjectOneShot/Info.plist;
				INFOPLIST_KEY_CFBundleDisplayName = "목표한방";
				INFOPLIST_KEY_LSApplicationCategoryType = "public.app-category.productivity";
				INFOPLIST_KEY_UIApplicationSceneManifest_Generation = YES;
				INFOPLIST_KEY_UIApplicationSupportsIndirectInputEvents = YES;
				INFOPLIST_KEY_UILaunchScreen_Generation = YES;
				INFOPLIST_KEY_UILaunchStoryboardName = "Launch Screen.storyboard";
				INFOPLIST_KEY_UISupportedInterfaceOrientations = UIInterfaceOrientationPortrait;
				INFOPLIST_KEY_UISupportedInterfaceOrientations_iPad = "UIInterfaceOrientationLandscapeLeft UIInterfaceOrientationLandscapeRight UIInterfaceOrientationPortrait UIInterfaceOrientationPortraitUpsideDown";
				IPHONEOS_DEPLOYMENT_TARGET = 16.0;
				LD_RUNPATH_SEARCH_PATHS = (
					"$(inherited)",
					"@executable_path/Frameworks",
				);
				MARKETING_VERSION = 1.0;
				PRODUCT_BUNDLE_IDENTIFIER = com.ericyong.ObjectOneShot;
				PRODUCT_NAME = "$(TARGET_NAME)";
				SUPPORTED_PLATFORMS = "iphoneos iphonesimulator";
				SUPPORTS_MACCATALYST = NO;
				SUPPORTS_MAC_DESIGNED_FOR_IPHONE_IPAD = NO;
				SWIFT_EMIT_LOC_STRINGS = YES;
				SWIFT_VERSION = 5.0;
				TARGETED_DEVICE_FAMILY = 1;
			};
			name = Debug;
		};
		60C88DA129E041D500EB1BA6 /* Release */ = {
			isa = XCBuildConfiguration;
			buildSettings = {
				ASSETCATALOG_COMPILER_APPICON_NAME = AppIcon;
				ASSETCATALOG_COMPILER_GLOBAL_ACCENT_COLOR_NAME = AccentColor;
				CODE_SIGN_STYLE = Automatic;
				CURRENT_PROJECT_VERSION = 1;
				DEVELOPMENT_ASSET_PATHS = "\"ObjectOneShot/Preview Content\"";
				DEVELOPMENT_TEAM = MV89SHQKF4;
				ENABLE_PREVIEWS = YES;
				GENERATE_INFOPLIST_FILE = YES;
				INFOPLIST_FILE = ObjectOneShot/Info.plist;
				INFOPLIST_KEY_CFBundleDisplayName = "목표한방";
				INFOPLIST_KEY_LSApplicationCategoryType = "public.app-category.productivity";
				INFOPLIST_KEY_UIApplicationSceneManifest_Generation = YES;
				INFOPLIST_KEY_UIApplicationSupportsIndirectInputEvents = YES;
				INFOPLIST_KEY_UILaunchScreen_Generation = YES;
				INFOPLIST_KEY_UILaunchStoryboardName = "Launch Screen.storyboard";
				INFOPLIST_KEY_UISupportedInterfaceOrientations = UIInterfaceOrientationPortrait;
				INFOPLIST_KEY_UISupportedInterfaceOrientations_iPad = "UIInterfaceOrientationLandscapeLeft UIInterfaceOrientationLandscapeRight UIInterfaceOrientationPortrait UIInterfaceOrientationPortraitUpsideDown";
				IPHONEOS_DEPLOYMENT_TARGET = 16.0;
				LD_RUNPATH_SEARCH_PATHS = (
					"$(inherited)",
					"@executable_path/Frameworks",
				);
				MARKETING_VERSION = 1.0;
				PRODUCT_BUNDLE_IDENTIFIER = com.ericyong.ObjectOneShot;
				PRODUCT_NAME = "$(TARGET_NAME)";
				SUPPORTED_PLATFORMS = "iphoneos iphonesimulator";
				SUPPORTS_MACCATALYST = NO;
				SUPPORTS_MAC_DESIGNED_FOR_IPHONE_IPAD = NO;
				SWIFT_EMIT_LOC_STRINGS = YES;
				SWIFT_VERSION = 5.0;
				TARGETED_DEVICE_FAMILY = 1;
			};
			name = Release;
		};
/* End XCBuildConfiguration section */

/* Begin XCConfigurationList section */
		60C88D8729E041D300EB1BA6 /* Build configuration list for PBXProject "ObjectOneShot" */ = {
			isa = XCConfigurationList;
			buildConfigurations = (
				60C88D9D29E041D500EB1BA6 /* Debug */,
				60C88D9E29E041D500EB1BA6 /* Release */,
			);
			defaultConfigurationIsVisible = 0;
			defaultConfigurationName = Release;
		};
		60C88D9F29E041D500EB1BA6 /* Build configuration list for PBXNativeTarget "ObjectOneShot" */ = {
			isa = XCConfigurationList;
			buildConfigurations = (
				60C88DA029E041D500EB1BA6 /* Debug */,
				60C88DA129E041D500EB1BA6 /* Release */,
			);
			defaultConfigurationIsVisible = 0;
			defaultConfigurationName = Release;
		};
/* End XCConfigurationList section */
	};
	rootObject = 60C88D8429E041D300EB1BA6 /* Project object */;
}
